
Microsoft Visual Studio Solution File, Format Version 12.00
# Visual Studio Version 17
VisualStudioVersion = 17.11.35327.3
MinimumVisualStudioVersion = 10.0.40219.1
Project("{FAE04EC0-301F-11D3-BF4B-00C04F79EFBC}") = "Params ile Sinirsiz Sayida Parametre Alarak OrtHesaplama", "Params ile Sinirsiz Sayida Parametre Alarak OrtHesaplama\Params ile Sinirsiz Sayida Parametre Alarak OrtHesaplama.csproj", "{60068DF6-B63E-4B82-8696-046F28423CCD}"
EndProject
Global
	GlobalSection(SolutionConfigurationPlatforms) = preSolution
		Debug|Any CPU = Debug|Any CPU
		Release|Any CPU = Release|Any CPU
	EndGlobalSection
	GlobalSection(ProjectConfigurationPlatforms) = postSolution
		{60068DF6-B63E-4B82-8696-046F28423CCD}.Debug|Any CPU.ActiveCfg = Debug|Any CPU
		{60068DF6-B63E-4B82-8696-046F28423CCD}.Debug|Any CPU.Build.0 = Debug|Any CPU
		{60068DF6-B63E-4B82-8696-046F28423CCD}.Release|Any CPU.ActiveCfg = Release|Any CPU
		{60068DF6-B63E-4B82-8696-046F28423CCD}.Release|Any CPU.Build.0 = Release|Any CPU
	EndGlobalSection
	GlobalSection(SolutionProperties) = preSolution
		HideSolutionNode = FALSE
	EndGlobalSection
	GlobalSection(ExtensibilityGlobals) = postSolution
		SolutionGuid = {77569F2D-4DC6-4221-A55D-A1497F5F855D}
	EndGlobalSection
EndGlobal
